
Microsoft Visual Studio Solution File, Format Version 12.00
# Visual Studio Version 16
VisualStudioVersion = 16.0.29920.165
MinimumVisualStudioVersion = 10.0.40219.1
Project("{9A19103F-16F7-4668-BE54-9A1E7A4F7556}") = "Intech.Advanced.FacebApi", "Faceb\Intech.Advanced.FacebApi\Intech.Advanced.FacebApi.csproj", "{A2C3E4D5-02C7-42BA-83D6-560F39E65A82}"
EndProject
Project("{D954291E-2A0B-460D-934E-DC6B0785DB48}") = "Intech.Advanced.BaseApi", "Intech.Advanced.BaseApi\Intech.Advanced.BaseApi.shproj", "{A28402BE-2D64-43BF-88E1-4DD91719BD56}"
EndProject
Project("{D954291E-2A0B-460D-934E-DC6B0785DB48}") = "Intech.Advanced.Dados", "Intech.Advanced.Dados\Intech.Advanced.Dados.shproj", "{A963501F-4DEF-44BB-A578-EE1D002C986E}"
EndProject
Project("{D954291E-2A0B-460D-934E-DC6B0785DB48}") = "Intech.Advanced.Entidades", "Intech.Advanced.Entidades\Intech.Advanced.Entidades.shproj", "{C64A8383-F3C7-477F-81F3-F7D8DCDF1397}"
EndProject
Project("{D954291E-2A0B-460D-934E-DC6B0785DB48}") = "Intech.Advanced.Negocio", "Intech.Advanced.Negocio\Intech.Advanced.Negocio.shproj", "{FF05A498-1C45-4D0A-B66F-C8419C3F9CF4}"
EndProject
Project("{2150E333-8FDC-42A3-9474-1A3956D46DE8}") = "Plataforma", "Plataforma", "{A500DA70-FC32-4D0D-A4BF-CA71625DFC06}"
EndProject
Global
	GlobalSection(SharedMSBuildProjectFiles) = preSolution
		Intech.Advanced.BaseApi\Intech.Advanced.BaseApi.projitems*{a28402be-2d64-43bf-88e1-4dd91719bd56}*SharedItemsImports = 13
		Intech.Advanced.BaseApi\Intech.Advanced.BaseApi.projitems*{a2c3e4d5-02c7-42ba-83d6-560f39e65a82}*SharedItemsImports = 5
		Intech.Advanced.Dados\Intech.Advanced.Dados.projitems*{a2c3e4d5-02c7-42ba-83d6-560f39e65a82}*SharedItemsImports = 5
		Intech.Advanced.Entidades\Intech.Advanced.Entidades.projitems*{a2c3e4d5-02c7-42ba-83d6-560f39e65a82}*SharedItemsImports = 5
		Intech.Advanced.Negocio\Intech.Advanced.Negocio.projitems*{a2c3e4d5-02c7-42ba-83d6-560f39e65a82}*SharedItemsImports = 5
		Intech.Advanced.Dados\Intech.Advanced.Dados.projitems*{a963501f-4def-44bb-a578-ee1d002c986e}*SharedItemsImports = 13
		Intech.Advanced.Entidades\Intech.Advanced.Entidades.projitems*{c64a8383-f3c7-477f-81f3-f7d8dcdf1397}*SharedItemsImports = 13
		Intech.Advanced.Negocio\Intech.Advanced.Negocio.projitems*{ff05a498-1c45-4d0a-b66f-c8419c3f9cf4}*SharedItemsImports = 13
	EndGlobalSection
	GlobalSection(SolutionConfigurationPlatforms) = preSolution
		Debug|Any CPU = Debug|Any CPU
		Release|Any CPU = Release|Any CPU
	EndGlobalSection
	GlobalSection(ProjectConfigurationPlatforms) = postSolution
		{A2C3E4D5-02C7-42BA-83D6-560F39E65A82}.Debug|Any CPU.ActiveCfg = Debug|Any CPU
		{A2C3E4D5-02C7-42BA-83D6-560F39E65A82}.Debug|Any CPU.Build.0 = Debug|Any CPU
		{A2C3E4D5-02C7-42BA-83D6-560F39E65A82}.Release|Any CPU.ActiveCfg = Release|Any CPU
		{A2C3E4D5-02C7-42BA-83D6-560F39E65A82}.Release|Any CPU.Build.0 = Release|Any CPU
	EndGlobalSection
	GlobalSection(SolutionProperties) = preSolution
		HideSolutionNode = FALSE
	EndGlobalSection
	GlobalSection(NestedProjects) = preSolution
		{A28402BE-2D64-43BF-88E1-4DD91719BD56} = {A500DA70-FC32-4D0D-A4BF-CA71625DFC06}
		{A963501F-4DEF-44BB-A578-EE1D002C986E} = {A500DA70-FC32-4D0D-A4BF-CA71625DFC06}
		{C64A8383-F3C7-477F-81F3-F7D8DCDF1397} = {A500DA70-FC32-4D0D-A4BF-CA71625DFC06}
		{FF05A498-1C45-4D0A-B66F-C8419C3F9CF4} = {A500DA70-FC32-4D0D-A4BF-CA71625DFC06}
	EndGlobalSection
	GlobalSection(ExtensibilityGlobals) = postSolution
		SolutionGuid = {2B260E05-9F57-439D-8D84-27B211647064}
	EndGlobalSection
EndGlobal
