
Microsoft Visual Studio Solution File, Format Version 12.00
# Visual Studio 15
VisualStudioVersion = 15.0.27703.2035
MinimumVisualStudioVersion = 10.0.40219.1
Project("{FAE04EC0-301F-11D3-BF4B-00C04F79EFBC}") = "Intech.Advanced.FacebApi", "Faceb\Intech.Advanced.FacebApi\Intech.Advanced.FacebApi.csproj", "{A2C3E4D5-02C7-42BA-83D6-560F39E65A82}"
EndProject
Project("{D954291E-2A0B-460D-934E-DC6B0785DB48}") = "Intech.Advanced.BaseApi", "Intech.Advanced.BaseApi\Intech.Advanced.BaseApi.shproj", "{A28402BE-2D64-43BF-88E1-4DD91719BD56}"
EndProject
Project("{D954291E-2A0B-460D-934E-DC6B0785DB48}") = "Intech.Advanced.Dados", "Intech.Advanced.Dados\Intech.Advanced.Dados.shproj", "{A963501F-4DEF-44BB-A578-EE1D002C986E}"
EndProject
Project("{D954291E-2A0B-460D-934E-DC6B0785DB48}") = "Intech.Advanced.Entidades", "Intech.Advanced.Entidades\Intech.Advanced.Entidades.shproj", "{C64A8383-F3C7-477F-81F3-F7D8DCDF1397}"
EndProject
Project("{D954291E-2A0B-460D-934E-DC6B0785DB48}") = "Intech.Advanced.Negocio", "Intech.Advanced.Negocio\Intech.Advanced.Negocio.shproj", "{FF05A498-1C45-4D0A-B66F-C8419C3F9CF4}"
EndProject
Project("{2150E333-8FDC-42A3-9474-1A3956D46DE8}") = "Plataforma", "Plataforma", "{A500DA70-FC32-4D0D-A4BF-CA71625DFC06}"
EndProject
Project("{2150E333-8FDC-42A3-9474-1A3956D46DE8}") = "Lib", "Lib", "{AF73B7CB-C6B8-41C1-A5D0-43648F573FD2}"
EndProject
Project("{D954291E-2A0B-460D-934E-DC6B0785DB48}") = "Intech.Lib.Dapper", "..\lib\dotnet-lib\Intech.Lib.Dapper\Intech.Lib.Dapper.shproj", "{21944D5C-2AF2-467A-B973-172529BF229D}"
EndProject
Project("{D954291E-2A0B-460D-934E-DC6B0785DB48}") = "Intech.Lib.Util", "..\lib\dotnet-lib\Intech.Lib.Util\Intech.Lib.Util.shproj", "{73968E62-3181-49AC-8C2D-81331534BC6E}"
EndProject
Project("{D954291E-2A0B-460D-934E-DC6B0785DB48}") = "Intech.Lib.Web", "..\lib\dotnet-lib\Intech.Lib.Web\Intech.Lib.Web.shproj", "{17FB1551-D800-46E6-8B2F-3A19BBB43EBA}"
EndProject
Global
	GlobalSection(SharedMSBuildProjectFiles) = preSolution
		..\lib\dotnet-lib\Intech.Lib.Web\Intech.Lib.Web.projitems*{17fb1551-d800-46e6-8b2f-3a19bbb43eba}*SharedItemsImports = 13
		..\lib\dotnet-lib\Intech.Lib.Dapper\Intech.Lib.Dapper.projitems*{21944d5c-2af2-467a-b973-172529bf229d}*SharedItemsImports = 13
		..\lib\dotnet-lib\Intech.Lib.Util\Intech.Lib.Util.projitems*{73968e62-3181-49ac-8c2d-81331534bc6e}*SharedItemsImports = 13
		Intech.Advanced.BaseApi\Intech.Advanced.BaseApi.projitems*{a28402be-2d64-43bf-88e1-4dd91719bd56}*SharedItemsImports = 13
		Intech.Advanced.Dados\Intech.Advanced.Dados.projitems*{a963501f-4def-44bb-a578-ee1d002c986e}*SharedItemsImports = 13
		Intech.Advanced.Entidades\Intech.Advanced.Entidades.projitems*{c64a8383-f3c7-477f-81f3-f7d8dcdf1397}*SharedItemsImports = 13
		Intech.Advanced.Negocio\Intech.Advanced.Negocio.projitems*{ff05a498-1c45-4d0a-b66f-c8419c3f9cf4}*SharedItemsImports = 13
	EndGlobalSection
	GlobalSection(SolutionConfigurationPlatforms) = preSolution
		Debug|Any CPU = Debug|Any CPU
		Release|Any CPU = Release|Any CPU
	EndGlobalSection
	GlobalSection(ProjectConfigurationPlatforms) = postSolution
		{A2C3E4D5-02C7-42BA-83D6-560F39E65A82}.Debug|Any CPU.ActiveCfg = Debug|Any CPU
		{A2C3E4D5-02C7-42BA-83D6-560F39E65A82}.Debug|Any CPU.Build.0 = Debug|Any CPU
		{A2C3E4D5-02C7-42BA-83D6-560F39E65A82}.Release|Any CPU.ActiveCfg = Release|Any CPU
		{A2C3E4D5-02C7-42BA-83D6-560F39E65A82}.Release|Any CPU.Build.0 = Release|Any CPU
	EndGlobalSection
	GlobalSection(SolutionProperties) = preSolution
		HideSolutionNode = FALSE
	EndGlobalSection
	GlobalSection(NestedProjects) = preSolution
		{A28402BE-2D64-43BF-88E1-4DD91719BD56} = {A500DA70-FC32-4D0D-A4BF-CA71625DFC06}
		{A963501F-4DEF-44BB-A578-EE1D002C986E} = {A500DA70-FC32-4D0D-A4BF-CA71625DFC06}
		{C64A8383-F3C7-477F-81F3-F7D8DCDF1397} = {A500DA70-FC32-4D0D-A4BF-CA71625DFC06}
		{FF05A498-1C45-4D0A-B66F-C8419C3F9CF4} = {A500DA70-FC32-4D0D-A4BF-CA71625DFC06}
		{21944D5C-2AF2-467A-B973-172529BF229D} = {AF73B7CB-C6B8-41C1-A5D0-43648F573FD2}
		{73968E62-3181-49AC-8C2D-81331534BC6E} = {AF73B7CB-C6B8-41C1-A5D0-43648F573FD2}
		{17FB1551-D800-46E6-8B2F-3A19BBB43EBA} = {AF73B7CB-C6B8-41C1-A5D0-43648F573FD2}
	EndGlobalSection
	GlobalSection(ExtensibilityGlobals) = postSolution
		SolutionGuid = {2B260E05-9F57-439D-8D84-27B211647064}
	EndGlobalSection
EndGlobal
